
Microsoft Visual Studio Solution File, Format Version 12.00
Project("{FAE04EC0-301F-11D3-BF4B-00C04F79EFBC}") = "OMyBlog.Api", "OMyBlog.Api\OMyBlog.Api.csproj", "{BAAB0CB3-892C-4D5D-8081-0D82D9B41998}"
EndProject
Project("{FAE04EC0-301F-11D3-BF4B-00C04F79EFBC}") = "OMyBlog.Core", "OMyBlog.Core\OMyBlog.Core.csproj", "{D0DA20BB-8D7C-4A07-B676-DB32CB3D8CE1}"
EndProject
Project("{FAE04EC0-301F-11D3-BF4B-00C04F79EFBC}") = "OMyBlog.Domain", "OMyBlog.Domain\OMyBlog.Domain.csproj", "{DD641525-4344-4769-955B-6EEF026F5B69}"
EndProject
Project("{FAE04EC0-301F-11D3-BF4B-00C04F79EFBC}") = "OMyBlog.Infrastructure", "OMyBlog.Infrastructure\OMyBlog.Infrastructure.csproj", "{B14EAF11-A783-458A-92BA-0E3E5D9464AE}"
EndProject
Global
	GlobalSection(SolutionConfigurationPlatforms) = preSolution
		Debug|Any CPU = Debug|Any CPU
		Release|Any CPU = Release|Any CPU
	EndGlobalSection
	GlobalSection(ProjectConfigurationPlatforms) = postSolution
		{BAAB0CB3-892C-4D5D-8081-0D82D9B41998}.Debug|Any CPU.ActiveCfg = Debug|Any CPU
		{BAAB0CB3-892C-4D5D-8081-0D82D9B41998}.Debug|Any CPU.Build.0 = Debug|Any CPU
		{BAAB0CB3-892C-4D5D-8081-0D82D9B41998}.Release|Any CPU.ActiveCfg = Release|Any CPU
		{BAAB0CB3-892C-4D5D-8081-0D82D9B41998}.Release|Any CPU.Build.0 = Release|Any CPU
		{D0DA20BB-8D7C-4A07-B676-DB32CB3D8CE1}.Debug|Any CPU.ActiveCfg = Debug|Any CPU
		{D0DA20BB-8D7C-4A07-B676-DB32CB3D8CE1}.Debug|Any CPU.Build.0 = Debug|Any CPU
		{D0DA20BB-8D7C-4A07-B676-DB32CB3D8CE1}.Release|Any CPU.ActiveCfg = Release|Any CPU
		{D0DA20BB-8D7C-4A07-B676-DB32CB3D8CE1}.Release|Any CPU.Build.0 = Release|Any CPU
		{DD641525-4344-4769-955B-6EEF026F5B69}.Debug|Any CPU.ActiveCfg = Debug|Any CPU
		{DD641525-4344-4769-955B-6EEF026F5B69}.Debug|Any CPU.Build.0 = Debug|Any CPU
		{DD641525-4344-4769-955B-6EEF026F5B69}.Release|Any CPU.ActiveCfg = Release|Any CPU
		{DD641525-4344-4769-955B-6EEF026F5B69}.Release|Any CPU.Build.0 = Release|Any CPU
		{B14EAF11-A783-458A-92BA-0E3E5D9464AE}.Debug|Any CPU.ActiveCfg = Debug|Any CPU
		{B14EAF11-A783-458A-92BA-0E3E5D9464AE}.Debug|Any CPU.Build.0 = Debug|Any CPU
		{B14EAF11-A783-458A-92BA-0E3E5D9464AE}.Release|Any CPU.ActiveCfg = Release|Any CPU
		{B14EAF11-A783-458A-92BA-0E3E5D9464AE}.Release|Any CPU.Build.0 = Release|Any CPU
	EndGlobalSection
EndGlobal
